
Microsoft Visual Studio Solution File, Format Version 12.00
# Visual Studio Version 16
VisualStudioVersion = 16.0.31205.134
MinimumVisualStudioVersion = 10.0.40219.1
Project("{FAE04EC0-301F-11D3-BF4B-00C04F79EFBC}") = "ExampleRPGShop", "ExampleRPGShop\ExampleRPGShop.csproj", "{5B5016B6-0FD3-45D0-9EA3-F9304A64F151}"
EndProject
Global
	GlobalSection(SolutionConfigurationPlatforms) = preSolution
		Debug|Any CPU = Debug|Any CPU
		Release|Any CPU = Release|Any CPU
	EndGlobalSection
	GlobalSection(ProjectConfigurationPlatforms) = postSolution
		{5B5016B6-0FD3-45D0-9EA3-F9304A64F151}.Debug|Any CPU.ActiveCfg = Debug|Any CPU
		{5B5016B6-0FD3-45D0-9EA3-F9304A64F151}.Debug|Any CPU.Build.0 = Debug|Any CPU
		{5B5016B6-0FD3-45D0-9EA3-F9304A64F151}.Release|Any CPU.ActiveCfg = Release|Any CPU
		{5B5016B6-0FD3-45D0-9EA3-F9304A64F151}.Release|Any CPU.Build.0 = Release|Any CPU
	EndGlobalSection
	GlobalSection(SolutionProperties) = preSolution
		HideSolutionNode = FALSE
	EndGlobalSection
	GlobalSection(ExtensibilityGlobals) = postSolution
		SolutionGuid = {20BBA895-C3BC-4D6A-ADCC-FA168CC2AFC4}
	EndGlobalSection
EndGlobal
